<?xml version="1.0" encoding="UTF-8"?>
<CONFIG>
  <ProjectOptions>
    <Version Value="11"/>
    <PathDelim Value="\"/>
    <General>
      <SessionStorage Value="InProjectDir"/>
      <MainUnit Value="0"/>
      <Title Value="Game"/>
      <Scaled Value="True"/>
      <ResourceType Value="res"/>
      <UseXPManifest Value="True"/>
      <XPManifest>
        <TextName Value="de.nicostraube.isys11.textadventure"/>
        <TextDesc Value="Project for 11.ISys, Textadventure"/>
      </XPManifest>
      <Icon Value="0"/>
      <Resources Count="15">
        <Resource_0 FileName="assets\images\00luggage.jpg" Type="RCDATA" ResourceName="00LUGGAGE"/>
        <Resource_1 FileName="assets\images\01keycard.jpg" Type="RCDATA" ResourceName="01KEYCARD"/>
        <Resource_2 FileName="assets\images\02towel.jpg" Type="RCDATA" ResourceName="02TOWEL"/>
        <Resource_3 FileName="assets\images\Badezimmer_entered.jpg" Type="RCDATA" ResourceName="BADEZIMMER_ENTERED"/>
        <Resource_4 FileName="assets\images\Badezimmer_n-entered.jpg" Type="RCDATA" ResourceName="BADEZIMMER_N-ENTERED"/>
        <Resource_5 FileName="assets\images\Gästezimmer_entered.jpg" Type="RCDATA" ResourceName="GÄSTEZIMMER_ENTERED"/>
        <Resource_6 FileName="assets\images\Gästezimmer_n-entered.jpg" Type="RCDATA" ResourceName="GÄSTEZIMMER_N-ENTERED"/>
        <Resource_7 FileName="assets\images\Pool_entered.jpg" Type="RCDATA" ResourceName="POOL_ENTERED"/>
        <Resource_8 FileName="assets\images\Pool_n-entered.jpg" Type="RCDATA" ResourceName="POOL_N-ENTERED"/>
        <Resource_9 FileName="assets\images\Rezeption_entered.jpg" Type="RCDATA" ResourceName="REZEPTION_ENTERED"/>
        <Resource_10 FileName="assets\images\Rezeption_n-entered.jpg" Type="RCDATA" ResourceName="REZEPTION_N-ENTERED"/>
        <Resource_11 FileName="assets\images\Speisesaal_entered.jpg" Type="RCDATA" ResourceName="SPEISESAAL_ENTERED"/>
        <Resource_12 FileName="assets\images\Speisesaal_n-entered.jpg" Type="RCDATA" ResourceName="SPEISESAAL_N-ENTERED"/>
        <Resource_13 FileName="assets\images\Straße_entered.jpg" Type="RCDATA" ResourceName="STRASSE_ENTERED"/>
        <Resource_14 FileName="assets\images\Straße_n-entered.jpg" Type="RCDATA" ResourceName="STRASSE_N-ENTERED"/>
      </Resources>
    </General>
    <BuildModes Count="1">
      <Item1 Name="Default" Default="True"/>
    </BuildModes>
    <PublishOptions>
      <Version Value="2"/>
      <UseFileFilters Value="True"/>
    </PublishOptions>
    <RunParams>
      <FormatVersion Value="2"/>
      <Modes Count="0"/>
    </RunParams>
    <RequiredPackages Count="1">
      <Item1>
        <PackageName Value="LCL"/>
      </Item1>
    </RequiredPackages>
    <Units Count="3">
      <Unit0>
        <Filename Value="Game.lpr"/>
        <IsPartOfProject Value="True"/>
      </Unit0>
      <Unit1>
        <Filename Value="ugame.pas"/>
        <IsPartOfProject Value="True"/>
        <ComponentName Value="Form1"/>
        <HasResources Value="True"/>
        <ResourceBaseClass Value="Form"/>
        <UnitName Value="UGame"/>
      </Unit1>
      <Unit2>
        <Filename Value="uroom.pas"/>
        <IsPartOfProject Value="True"/>
        <UnitName Value="URoom"/>
      </Unit2>
    </Units>
  </ProjectOptions>
  <CompilerOptions>
    <Version Value="11"/>
    <PathDelim Value="\"/>
    <Target>
      <Filename Value="Game"/>
    </Target>
    <SearchPaths>
      <IncludeFiles Value="$(ProjOutDir)"/>
      <UnitOutputDirectory Value="lib\$(TargetCPU)-$(TargetOS)"/>
    </SearchPaths>
    <Linking>
      <Options>
        <Win32>
          <GraphicApplication Value="True"/>
        </Win32>
      </Options>
    </Linking>
  </CompilerOptions>
  <Debugging>
    <Exceptions Count="3">
      <Item1>
        <Name Value="EAbort"/>
      </Item1>
      <Item2>
        <Name Value="ECodetoolError"/>
      </Item2>
      <Item3>
        <Name Value="EFOpenError"/>
      </Item3>
    </Exceptions>
  </Debugging>
</CONFIG>
